
Microsoft Visual Studio Solution File, Format Version 12.00
# Visual Studio Version 17
VisualStudioVersion = 17.3.32804.467
MinimumVisualStudioVersion = 10.0.40219.1
Project("{9A19103F-16F7-4668-BE54-9A1E7A4F7556}") = "tff-blog", "tff-blog\tff-blog.csproj", "{D5AB524A-F102-42B1-B089-ABB862EA5662}"
EndProject
Project("{2150E333-8FDC-42A3-9474-1A3956D46DE8}") = "Solution Items", "Solution Items", "{C106A434-E1BB-4180-93C6-ABAF4F2EF712}"
	ProjectSection(SolutionItems) = preProject
		.gitattributes = .gitattributes
		.gitignore = .gitignore
		README.md = README.md
	EndProjectSection
EndProject
Project("{9A19103F-16F7-4668-BE54-9A1E7A4F7556}") = "tff-blog-api", "tff-blog-api\tff-blog-api.csproj", "{F2840203-3500-4847-B718-13C6FD1BD06F}"
EndProject
Project("{9A19103F-16F7-4668-BE54-9A1E7A4F7556}") = "tff-blog-shared", "tff-blog-shared\tff-blog-shared.csproj", "{51CAF0AB-3181-4DA4-A9A8-C0100223D74E}"
EndProject
Project("{2150E333-8FDC-42A3-9474-1A3956D46DE8}") = ".github", ".github", "{F6CAC183-FC0B-4B26-B72E-B14E82F05B72}"
	ProjectSection(SolutionItems) = preProject
		.github\dependabot.yml = .github\dependabot.yml
	EndProjectSection
EndProject
Project("{2150E333-8FDC-42A3-9474-1A3956D46DE8}") = "workflows", "workflows", "{49697542-F4C0-435B-9AB1-F15FD1EA43D2}"
EndProject
Global
	GlobalSection(SolutionConfigurationPlatforms) = preSolution
		Debug|Any CPU = Debug|Any CPU
		Release|Any CPU = Release|Any CPU
	EndGlobalSection
	GlobalSection(ProjectConfigurationPlatforms) = postSolution
		{D5AB524A-F102-42B1-B089-ABB862EA5662}.Debug|Any CPU.ActiveCfg = Debug|Any CPU
		{D5AB524A-F102-42B1-B089-ABB862EA5662}.Debug|Any CPU.Build.0 = Debug|Any CPU
		{D5AB524A-F102-42B1-B089-ABB862EA5662}.Release|Any CPU.ActiveCfg = Release|Any CPU
		{D5AB524A-F102-42B1-B089-ABB862EA5662}.Release|Any CPU.Build.0 = Release|Any CPU
		{F2840203-3500-4847-B718-13C6FD1BD06F}.Debug|Any CPU.ActiveCfg = Debug|Any CPU
		{F2840203-3500-4847-B718-13C6FD1BD06F}.Debug|Any CPU.Build.0 = Debug|Any CPU
		{F2840203-3500-4847-B718-13C6FD1BD06F}.Release|Any CPU.ActiveCfg = Release|Any CPU
		{F2840203-3500-4847-B718-13C6FD1BD06F}.Release|Any CPU.Build.0 = Release|Any CPU
		{51CAF0AB-3181-4DA4-A9A8-C0100223D74E}.Debug|Any CPU.ActiveCfg = Debug|Any CPU
		{51CAF0AB-3181-4DA4-A9A8-C0100223D74E}.Debug|Any CPU.Build.0 = Debug|Any CPU
		{51CAF0AB-3181-4DA4-A9A8-C0100223D74E}.Release|Any CPU.ActiveCfg = Release|Any CPU
		{51CAF0AB-3181-4DA4-A9A8-C0100223D74E}.Release|Any CPU.Build.0 = Release|Any CPU
	EndGlobalSection
	GlobalSection(SolutionProperties) = preSolution
		HideSolutionNode = FALSE
	EndGlobalSection
	GlobalSection(NestedProjects) = preSolution
		{F6CAC183-FC0B-4B26-B72E-B14E82F05B72} = {C106A434-E1BB-4180-93C6-ABAF4F2EF712}
		{49697542-F4C0-435B-9AB1-F15FD1EA43D2} = {F6CAC183-FC0B-4B26-B72E-B14E82F05B72}
	EndGlobalSection
	GlobalSection(ExtensibilityGlobals) = postSolution
		SolutionGuid = {AEDB7C94-BD7B-4E77-8D26-D64B6AB30488}
	EndGlobalSection
EndGlobal
